{
  "nodes": {
    "NixVirt": {
      "inputs": {
        "nixpkgs": [
          "nixpkgs"
        ]
      },
      "locked": {
        "lastModified": 1748140003,
        "narHash": "sha256-DNBZmuk1YRM2PmwbHzVdXumRjCUzQkMarg4iI/37rOQ=",
        "owner": "AshleyYakeley",
        "repo": "NixVirt",
        "rev": "5dfe108fd859b122f9a96981cb6bc12297653d6c",
        "type": "github"
      },
      "original": {
        "owner": "AshleyYakeley",
        "ref": "v0.6.0",
        "repo": "NixVirt",
        "type": "github"
      }
    },
    "antigravity": {
      "inputs": {
        "flake-utils": "flake-utils",
        "nixpkgs": [
          "nixpkgs"
        ]
      },
      "locked": {
        "lastModified": 1773225300,
        "narHash": "sha256-+3HofR35IJ2qETWVCSOqBVE7AEn3f0VVsN2kw4LdRTk=",
        "owner": "jacopone",
        "repo": "antigravity-nix",
        "rev": "371f4cb914d8dc5646e95ef3413f95bfc97495ef",
        "type": "github"
      },
      "original": {
        "owner": "jacopone",
        "repo": "antigravity-nix",
        "type": "github"
      }
    },
    "cachyos-kernel": {
      "flake": false,
      "locked": {
        "lastModified": 1773333570,
        "narHash": "sha256-Z+r3HFziyn0ExgJj8qkwoqPZwP8sQMESX6QBWa/8uwM=",
        "owner": "CachyOS",
        "repo": "linux-cachyos",
        "rev": "261b59ccef1a9ca6a3a6344f585ee1ff593e4306",
        "type": "github"
      },
      "original": {
        "owner": "CachyOS",
        "repo": "linux-cachyos",
        "type": "github"
      }
    },
    "cachyos-kernel-patches": {
      "flake": false,
      "locked": {
        "lastModified": 1773394774,
        "narHash": "sha256-jfeXEq2EmwNUdArmUq8gWu4ubneudgoz/6bRS8Zimcw=",
        "owner": "CachyOS",
        "repo": "kernel-patches",
        "rev": "217d964190c29f3785ed379977074ac54248ba8e",
        "type": "github"
      },
      "original": {
        "owner": "CachyOS",
        "repo": "kernel-patches",
        "type": "github"
      }
    },
    "cachyos-settings-nix": {
      "inputs": {
        "nixpkgs": [
          "nixpkgs"
        ]
      },
      "locked": {
        "lastModified": 1773340307,
        "narHash": "sha256-5l5OdvyKadNlUencxSkQ9Mwt1vuDhWT4Sb3YkJn82NM=",
        "owner": "Daaboulex",
        "repo": "cachyos-settings-nix",
        "rev": "87225152c6f9027012cb3e5979bbaf3b748ca63d",
        "type": "github"
      },
      "original": {
        "owner": "Daaboulex",
        "repo": "cachyos-settings-nix",
        "type": "github"
      }
    },
    "claude-code": {
      "inputs": {
        "flake-utils": "flake-utils_2",
        "nixpkgs": [
          "nixpkgs"
        ]
      },
      "locked": {
        "lastModified": 1773421907,
        "narHash": "sha256-TN8Qf8RhmOX7TAwhdjGaE/clgAxzfHwsOjGSxz0Bz/0=",
        "owner": "sadjow",
        "repo": "claude-code-nix",
        "rev": "4746a848ccb3e1ba1a1c99fd063bf998045b81ac",
        "type": "github"
      },
      "original": {
        "owner": "sadjow",
        "repo": "claude-code-nix",
        "type": "github"
      }
    },
    "coolercontrol": {
      "inputs": {
        "nixpkgs": [
          "nixpkgs"
        ]
      },
      "locked": {
        "lastModified": 1773442557,
        "narHash": "sha256-9hgK1KtTrmRfZyXuT/je9uMR3cENXTlmwZO3z0gz18E=",
        "owner": "Daaboulex",
        "repo": "coolercontrol-nix",
        "rev": "3ea08b46dccd21c18777bfeb13d6de79aef82426",
        "type": "github"
      },
      "original": {
        "owner": "Daaboulex",
        "repo": "coolercontrol-nix",
        "type": "github"
      }
    },
    "crane": {
      "locked": {
        "lastModified": 1772080396,
        "narHash": "sha256-84W9UNtSk9DNMh43WBkOjpkbfODlmg+RDi854PnNgLE=",
        "owner": "ipetkov",
        "repo": "crane",
        "rev": "8525580bc0316c39dbfa18bd09a1331e98c9e463",
        "type": "github"
      },
      "original": {
        "owner": "ipetkov",
        "repo": "crane",
        "type": "github"
      }
    },
    "dirt-samples-src": {
      "flake": false,
      "locked": {
        "lastModified": 1698439458,
        "narHash": "sha256-Mp8qBpsOvW9Zguv95Kv7EU6S3ICaF2aO02Wz6xGURtE=",
        "owner": "tidalcycles",
        "repo": "dirt-samples",
        "rev": "9a6dff8f9ec3cd55b287290cf04e01afa6b8f532",
        "type": "github"
      },
      "original": {
        "owner": "tidalcycles",
        "repo": "dirt-samples",
        "type": "github"
      }
    },
    "disko": {
      "inputs": {
        "nixpkgs": [
          "nixpkgs"
        ]
      },
      "locked": {
        "lastModified": 1773025010,
        "narHash": "sha256-khlHllTsovXgT2GZ0WxT4+RvuMjNeR5OW0UYeEHPYQo=",
        "owner": "nix-community",
        "repo": "disko",
        "rev": "7b9f7f88ab3b339f8142dc246445abb3c370d3d3",
        "type": "github"
      },
      "original": {
        "owner": "nix-community",
        "repo": "disko",
        "type": "github"
      }
    },
    "eden": {
      "inputs": {
        "flake-utils": "flake-utils_3",
        "nixpkgs": [
          "nixpkgs"
        ]
      },
      "locked": {
        "lastModified": 1773413049,
        "narHash": "sha256-edtjYBd81Se8FWox37CdNQxtZN0NlBSIPwyxWdbmOfk=",
        "owner": "daaboulex",
        "repo": "eden-nix",
        "rev": "1dcc4f3818230ddc50de1dd9c218b83099f41ba9",
        "type": "github"
      },
      "original": {
        "owner": "daaboulex",
        "repo": "eden-nix",
        "type": "github"
      }
    },
    "flake-compat": {
      "flake": false,
      "locked": {
        "lastModified": 1767039857,
        "narHash": "sha256-vNpUSpF5Nuw8xvDLj2KCwwksIbjua2LZCqhV1LNRDns=",
        "owner": "NixOS",
        "repo": "flake-compat",
        "rev": "5edf11c44bc78a0d334f6334cdaf7d60d732daab",
        "type": "github"
      },
      "original": {
        "owner": "NixOS",
        "repo": "flake-compat",
        "type": "github"
      }
    },
    "flake-compat_2": {
      "flake": false,
      "locked": {
        "lastModified": 1767039857,
        "narHash": "sha256-vNpUSpF5Nuw8xvDLj2KCwwksIbjua2LZCqhV1LNRDns=",
        "owner": "NixOS",
        "repo": "flake-compat",
        "rev": "5edf11c44bc78a0d334f6334cdaf7d60d732daab",
        "type": "github"
      },
      "original": {
        "owner": "NixOS",
        "repo": "flake-compat",
        "type": "github"
      }
    },
    "flake-compat_3": {
      "flake": false,
      "locked": {
        "lastModified": 1767039857,
        "narHash": "sha256-vNpUSpF5Nuw8xvDLj2KCwwksIbjua2LZCqhV1LNRDns=",
        "owner": "NixOS",
        "repo": "flake-compat",
        "rev": "5edf11c44bc78a0d334f6334cdaf7d60d732daab",
        "type": "github"
      },
      "original": {
        "owner": "NixOS",
        "repo": "flake-compat",
        "type": "github"
      }
    },
    "flake-parts": {
      "inputs": {
        "nixpkgs-lib": "nixpkgs-lib"
      },
      "locked": {
        "lastModified": 1772408722,
        "narHash": "sha256-rHuJtdcOjK7rAHpHphUb1iCvgkU3GpfvicLMwwnfMT0=",
        "owner": "hercules-ci",
        "repo": "flake-parts",
        "rev": "f20dc5d9b8027381c474144ecabc9034d6a839a3",
        "type": "github"
      },
      "original": {
        "owner": "hercules-ci",
        "repo": "flake-parts",
        "type": "github"
      }
    },
    "flake-parts_2": {
      "inputs": {
        "nixpkgs-lib": "nixpkgs-lib_2"
      },
      "locked": {
        "lastModified": 1772408722,
        "narHash": "sha256-rHuJtdcOjK7rAHpHphUb1iCvgkU3GpfvicLMwwnfMT0=",
        "owner": "hercules-ci",
        "repo": "flake-parts",
        "rev": "f20dc5d9b8027381c474144ecabc9034d6a839a3",
        "type": "github"
      },
      "original": {
        "owner": "hercules-ci",
        "repo": "flake-parts",
        "type": "github"
      }
    },
    "flake-utils": {
      "inputs": {
        "systems": "systems"
      },
      "locked": {
        "lastModified": 1731533236,
        "narHash": "sha256-l0KFg5HjrsfsO/JpG+r7fRrqm12kzFHyUHqHCVpMMbI=",
        "owner": "numtide",
        "repo": "flake-utils",
        "rev": "11707dc2f618dd54ca8739b309ec4fc024de578b",
        "type": "github"
      },
      "original": {
        "owner": "numtide",
        "repo": "flake-utils",
        "type": "github"
      }
    },
    "flake-utils_2": {
      "inputs": {
        "systems": "systems_2"
      },
      "locked": {
        "lastModified": 1731533236,
        "narHash": "sha256-l0KFg5HjrsfsO/JpG+r7fRrqm12kzFHyUHqHCVpMMbI=",
        "owner": "numtide",
        "repo": "flake-utils",
        "rev": "11707dc2f618dd54ca8739b309ec4fc024de578b",
        "type": "github"
      },
      "original": {
        "owner": "numtide",
        "repo": "flake-utils",
        "type": "github"
      }
    },
    "flake-utils_3": {
      "inputs": {
        "systems": "systems_3"
      },
      "locked": {
        "lastModified": 1731533236,
        "narHash": "sha256-l0KFg5HjrsfsO/JpG+r7fRrqm12kzFHyUHqHCVpMMbI=",
        "owner": "numtide",
        "repo": "flake-utils",
        "rev": "11707dc2f618dd54ca8739b309ec4fc024de578b",
        "type": "github"
      },
      "original": {
        "owner": "numtide",
        "repo": "flake-utils",
        "type": "github"
      }
    },
    "flake-utils_4": {
      "inputs": {
        "systems": "systems_4"
      },
      "locked": {
        "lastModified": 1731533236,
        "narHash": "sha256-l0KFg5HjrsfsO/JpG+r7fRrqm12kzFHyUHqHCVpMMbI=",
        "owner": "numtide",
        "repo": "flake-utils",
        "rev": "11707dc2f618dd54ca8739b309ec4fc024de578b",
        "type": "github"
      },
      "original": {
        "owner": "numtide",
        "repo": "flake-utils",
        "type": "github"
      }
    },
    "flake-utils_5": {
      "inputs": {
        "systems": "systems_5"
      },
      "locked": {
        "lastModified": 1731533236,
        "narHash": "sha256-l0KFg5HjrsfsO/JpG+r7fRrqm12kzFHyUHqHCVpMMbI=",
        "owner": "numtide",
        "repo": "flake-utils",
        "rev": "11707dc2f618dd54ca8739b309ec4fc024de578b",
        "type": "github"
      },
      "original": {
        "owner": "numtide",
        "repo": "flake-utils",
        "type": "github"
      }
    },
    "git-hooks-nix": {
      "inputs": {
        "flake-compat": "flake-compat",
        "gitignore": "gitignore",
        "nixpkgs": [
          "nixpkgs"
        ]
      },
      "locked": {
        "lastModified": 1772893680,
        "narHash": "sha256-JDqZMgxUTCq85ObSaFw0HhE+lvdOre1lx9iI6vYyOEs=",
        "owner": "cachix",
        "repo": "git-hooks.nix",
        "rev": "8baab586afc9c9b57645a734c820e4ac0a604af9",
        "type": "github"
      },
      "original": {
        "owner": "cachix",
        "repo": "git-hooks.nix",
        "type": "github"
      }
    },
    "gitignore": {
      "inputs": {
        "nixpkgs": [
          "git-hooks-nix",
          "nixpkgs"
        ]
      },
      "locked": {
        "lastModified": 1709087332,
        "narHash": "sha256-HG2cCnktfHsKV0s4XW83gU3F57gaTljL9KNSuG6bnQs=",
        "owner": "hercules-ci",
        "repo": "gitignore.nix",
        "rev": "637db329424fd7e46cf4185293b9cc8c88c95394",
        "type": "github"
      },
      "original": {
        "owner": "hercules-ci",
        "repo": "gitignore.nix",
        "type": "github"
      }
    },
    "gitignore_2": {
      "inputs": {
        "nixpkgs": [
          "lanzaboote",
          "pre-commit",
          "nixpkgs"
        ]
      },
      "locked": {
        "lastModified": 1709087332,
        "narHash": "sha256-HG2cCnktfHsKV0s4XW83gU3F57gaTljL9KNSuG6bnQs=",
        "owner": "hercules-ci",
        "repo": "gitignore.nix",
        "rev": "637db329424fd7e46cf4185293b9cc8c88c95394",
        "type": "github"
      },
      "original": {
        "owner": "hercules-ci",
        "repo": "gitignore.nix",
        "type": "github"
      }
    },
    "goxlr-hm-nix": {
      "inputs": {
        "nixpkgs": [
          "nixpkgs"
        ]
      },
      "locked": {
        "lastModified": 1773442560,
        "narHash": "sha256-cWBkRtohoNIibNeJ5Rc4urFStot7v41wV8/Z/LtyCkg=",
        "owner": "Daaboulex",
        "repo": "goxlr-hm-nix",
        "rev": "090c3ae2b4e646ed939b0217336ee093faa03d24",
        "type": "github"
      },
      "original": {
        "owner": "Daaboulex",
        "repo": "goxlr-hm-nix",
        "type": "github"
      }
    },
    "home-manager": {
      "inputs": {
        "nixpkgs": [
          "nixpkgs"
        ]
      },
      "locked": {
        "lastModified": 1773422513,
        "narHash": "sha256-MPjR48roW7CUMU6lu0+qQGqj92Kuh3paIulMWFZy+NQ=",
        "owner": "nix-community",
        "repo": "home-manager",
        "rev": "ef12a9a2b0f77c8fa3dda1e7e494fca668909056",
        "type": "github"
      },
      "original": {
        "owner": "nix-community",
        "repo": "home-manager",
        "type": "github"
      }
    },
    "home-manager_2": {
      "inputs": {
        "nixpkgs": [
          "impermanence",
          "nixpkgs"
        ]
      },
      "locked": {
        "lastModified": 1768598210,
        "narHash": "sha256-kkgA32s/f4jaa4UG+2f8C225Qvclxnqs76mf8zvTVPg=",
        "owner": "nix-community",
        "repo": "home-manager",
        "rev": "c47b2cc64a629f8e075de52e4742de688f930dc6",
        "type": "github"
      },
      "original": {
        "owner": "nix-community",
        "repo": "home-manager",
        "type": "github"
      }
    },
    "hypervisor-phantom": {
      "flake": false,
      "locked": {
        "lastModified": 1772738088,
        "narHash": "sha256-rmUfGWxz0Z2Lwmdvyt5oHNOzZGndyusWwu7TnFq1qC4=",
        "owner": "Scrut1ny",
        "repo": "Hypervisor-Phantom",
        "rev": "00ec7153c06184a36f028559fec3ae0e6051cbf6",
        "type": "github"
      },
      "original": {
        "owner": "Scrut1ny",
        "repo": "Hypervisor-Phantom",
        "type": "github"
      }
    },
    "impermanence": {
      "inputs": {
        "home-manager": "home-manager_2",
        "nixpkgs": "nixpkgs"
      },
      "locked": {
        "lastModified": 1769548169,
        "narHash": "sha256-03+JxvzmfwRu+5JafM0DLbxgHttOQZkUtDWBmeUkN8Y=",
        "owner": "nix-community",
        "repo": "impermanence",
        "rev": "7b1d382faf603b6d264f58627330f9faa5cba149",
        "type": "github"
      },
      "original": {
        "owner": "nix-community",
        "repo": "impermanence",
        "type": "github"
      }
    },
    "lanzaboote": {
      "inputs": {
        "crane": "crane",
        "nixpkgs": [
          "nixpkgs"
        ],
        "pre-commit": "pre-commit",
        "rust-overlay": "rust-overlay"
      },
      "locked": {
        "lastModified": 1773344150,
        "narHash": "sha256-JSsXufJy2zdg5XS5pRGlkwF1dqN+sWPmCgrvJsnhEzg=",
        "owner": "nix-community",
        "repo": "lanzaboote",
        "rev": "d21013305ef39e1d9d2d06b161c3785ffad82281",
        "type": "github"
      },
      "original": {
        "owner": "nix-community",
        "repo": "lanzaboote",
        "type": "github"
      }
    },
    "linux-corecycler": {
      "inputs": {
        "flake-utils": "flake-utils_4",
        "nixpkgs": [
          "nixpkgs"
        ]
      },
      "locked": {
        "lastModified": 1773419914,
        "narHash": "sha256-YnO7w65as4K4SkrTI3XGomkUud9k9DIahbBzPb5O1Eg=",
        "owner": "Daaboulex",
        "repo": "linux-corecycler",
        "rev": "0c5f04bf9f994f00996ccb87ca50ff107f0ea7d9",
        "type": "github"
      },
      "original": {
        "owner": "Daaboulex",
        "repo": "linux-corecycler",
        "type": "github"
      }
    },
    "lsfg-vk": {
      "inputs": {
        "nixpkgs": [
          "nixpkgs"
        ]
      },
      "locked": {
        "lastModified": 1772591630,
        "narHash": "sha256-qUVkMiAUZ2+JSDW4XxLp/+Vm18oLLiB9r2o/LM8fH6w=",
        "owner": "daaboulex",
        "repo": "lsfg-vk-nix",
        "rev": "401c950bbc4ce855d83c46389bfb4653c20e5c6b",
        "type": "github"
      },
      "original": {
        "owner": "daaboulex",
        "repo": "lsfg-vk-nix",
        "type": "github"
      }
    },
    "mesa-git-nix": {
      "inputs": {
        "nixpkgs": [
          "nixpkgs"
        ]
      },
      "locked": {
        "lastModified": 1773407218,
        "narHash": "sha256-xnxlvDVd4V6f0Ab3nXBpXC4B2eCc/KrGqEe00Itlnws=",
        "owner": "daaboulex",
        "repo": "mesa-git-nix",
        "rev": "048396f72e3788f190d88523d576cd505b041814",
        "type": "github"
      },
      "original": {
        "owner": "daaboulex",
        "repo": "mesa-git-nix",
        "type": "github"
      }
    },
    "nix-cachyos-kernel": {
      "inputs": {
        "cachyos-kernel": "cachyos-kernel",
        "cachyos-kernel-patches": "cachyos-kernel-patches",
        "flake-compat": "flake-compat_3",
        "flake-parts": "flake-parts_2",
        "nixpkgs": "nixpkgs_2"
      },
      "locked": {
        "lastModified": 1773425138,
        "narHash": "sha256-BHKB/WTMs5GVSKItqHHeaqfpbTJxSstrncQ389DRD4g=",
        "owner": "xddxdd",
        "repo": "nix-cachyos-kernel",
        "rev": "86a4ac16564a09c05b602049a5f39409644f4e30",
        "type": "github"
      },
      "original": {
        "owner": "xddxdd",
        "repo": "nix-cachyos-kernel",
        "type": "github"
      }
    },
    "nix-flatpak": {
      "locked": {
        "lastModified": 1767983141,
        "narHash": "sha256-7ZCulYUD9RmJIDULTRkGLSW1faMpDlPKcbWJLYHoXcs=",
        "owner": "gmodena",
        "repo": "nix-flatpak",
        "rev": "440818969ac2cbd77bfe025e884d0aa528991374",
        "type": "github"
      },
      "original": {
        "owner": "gmodena",
        "ref": "latest",
        "repo": "nix-flatpak",
        "type": "github"
      }
    },
    "nixpkgs": {
      "locked": {
        "lastModified": 1768564909,
        "narHash": "sha256-Kell/SpJYVkHWMvnhqJz/8DqQg2b6PguxVWOuadbHCc=",
        "owner": "nixos",
        "repo": "nixpkgs",
        "rev": "e4bae1bd10c9c57b2cf517953ab70060a828ee6f",
        "type": "github"
      },
      "original": {
        "owner": "nixos",
        "ref": "nixos-unstable",
        "repo": "nixpkgs",
        "type": "github"
      }
    },
    "nixpkgs-lib": {
      "locked": {
        "lastModified": 1772328832,
        "narHash": "sha256-e+/T/pmEkLP6BHhYjx6GmwP5ivonQQn0bJdH9YrRB+Q=",
        "owner": "nix-community",
        "repo": "nixpkgs.lib",
        "rev": "c185c7a5e5dd8f9add5b2f8ebeff00888b070742",
        "type": "github"
      },
      "original": {
        "owner": "nix-community",
        "repo": "nixpkgs.lib",
        "type": "github"
      }
    },
    "nixpkgs-lib_2": {
      "locked": {
        "lastModified": 1772328832,
        "narHash": "sha256-e+/T/pmEkLP6BHhYjx6GmwP5ivonQQn0bJdH9YrRB+Q=",
        "owner": "nix-community",
        "repo": "nixpkgs.lib",
        "rev": "c185c7a5e5dd8f9add5b2f8ebeff00888b070742",
        "type": "github"
      },
      "original": {
        "owner": "nix-community",
        "repo": "nixpkgs.lib",
        "type": "github"
      }
    },
    "nixpkgs_2": {
      "locked": {
        "lastModified": 1773389992,
        "narHash": "sha256-wvfdLLWJ2I9oEpDd9PfMA8osfIZicoQ5MT1jIwNs9Tk=",
        "owner": "NixOS",
        "repo": "nixpkgs",
        "rev": "c06b4ae3d6599a672a6210b7021d699c351eebda",
        "type": "github"
      },
      "original": {
        "owner": "NixOS",
        "ref": "nixos-unstable-small",
        "repo": "nixpkgs",
        "type": "github"
      }
    },
    "nixpkgs_3": {
      "locked": {
        "lastModified": 1773282481,
        "narHash": "sha256-b/GV2ysM8mKHhinse2wz+uP37epUrSE+sAKXy/xvBY4=",
        "owner": "nixos",
        "repo": "nixpkgs",
        "rev": "fe416aaedd397cacb33a610b33d60ff2b431b127",
        "type": "github"
      },
      "original": {
        "owner": "nixos",
        "ref": "nixos-unstable",
        "repo": "nixpkgs",
        "type": "github"
      }
    },
    "nixpkgs_4": {
      "locked": {
        "lastModified": 1722813957,
        "narHash": "sha256-IAoYyYnED7P8zrBFMnmp7ydaJfwTnwcnqxUElC1I26Y=",
        "owner": "nixos",
        "repo": "nixpkgs",
        "rev": "cb9a96f23c491c081b38eab96d22fa958043c9fa",
        "type": "github"
      },
      "original": {
        "owner": "nixos",
        "ref": "nixos-unstable",
        "repo": "nixpkgs",
        "type": "github"
      }
    },
    "nx-save-sync": {
      "inputs": {
        "flake-utils": "flake-utils_5",
        "nixpkgs": [
          "nixpkgs"
        ]
      },
      "locked": {
        "lastModified": 1771336498,
        "narHash": "sha256-Sl50GJ5Ea66G8C8rhe37ku9aoutb2hxx1PgRTIcZm1U=",
        "owner": "daaboulex",
        "repo": "nx-save-sync-nix",
        "rev": "c5da4a621c16af96dbac7378f9a9e1d63ff75f11",
        "type": "github"
      },
      "original": {
        "owner": "daaboulex",
        "repo": "nx-save-sync-nix",
        "type": "github"
      }
    },
    "occt-nix": {
      "inputs": {
        "nixpkgs": [
          "nixpkgs"
        ]
      },
      "locked": {
        "lastModified": 1773327248,
        "narHash": "sha256-m1oHKp9W5CV1353s7u+SArV17P+Qyw2cm8jlZfuaHVQ=",
        "owner": "daaboulex",
        "repo": "OCCT-nix",
        "rev": "c8c92992167336e046d0c242828ecc0669f0bd3d",
        "type": "github"
      },
      "original": {
        "owner": "daaboulex",
        "repo": "OCCT-nix",
        "type": "github"
      }
    },
    "openviking": {
      "inputs": {
        "nixpkgs": [
          "nixpkgs"
        ]
      },
      "locked": {
        "lastModified": 1773433037,
        "narHash": "sha256-MKW8dJtada3yCyN9kj0fyUicTH9zdl0ORIc7w0WOvko=",
        "owner": "Daaboulex",
        "repo": "openviking-nix",
        "rev": "e3110d2438b38f37b7037e08f36a74473b5696f4",
        "type": "github"
      },
      "original": {
        "owner": "Daaboulex",
        "repo": "openviking-nix",
        "type": "github"
      }
    },
    "plasma-manager": {
      "inputs": {
        "home-manager": [
          "home-manager"
        ],
        "nixpkgs": [
          "nixpkgs"
        ]
      },
      "locked": {
        "lastModified": 1772361940,
        "narHash": "sha256-B1Cz+ydL1iaOnGlwOFld/C8lBECPtzhiy/pP93/CuyY=",
        "owner": "nix-community",
        "repo": "plasma-manager",
        "rev": "a4b33606111c9c5dcd10009042bb710307174f51",
        "type": "github"
      },
      "original": {
        "owner": "nix-community",
        "repo": "plasma-manager",
        "type": "github"
      }
    },
    "portmaster": {
      "inputs": {
        "nixpkgs": [
          "nixpkgs"
        ]
      },
      "locked": {
        "lastModified": 1772980388,
        "narHash": "sha256-c6uy6NvsqB53GC/2wYtuX9IZkhep9ZfljMPPGZFu3rQ=",
        "owner": "daaboulex",
        "repo": "portmaster-nix",
        "rev": "40e8e4afa2d4efa02208d55725755b20d2248449",
        "type": "github"
      },
      "original": {
        "owner": "daaboulex",
        "repo": "portmaster-nix",
        "type": "github"
      }
    },
    "pre-commit": {
      "inputs": {
        "flake-compat": "flake-compat_2",
        "gitignore": "gitignore_2",
        "nixpkgs": [
          "lanzaboote",
          "nixpkgs"
        ]
      },
      "locked": {
        "lastModified": 1772024342,
        "narHash": "sha256-+eXlIc4/7dE6EcPs9a2DaSY3fTA9AE526hGqkNID3Wg=",
        "owner": "cachix",
        "repo": "pre-commit-hooks.nix",
        "rev": "6e34e97ed9788b17796ee43ccdbaf871a5c2b476",
        "type": "github"
      },
      "original": {
        "owner": "cachix",
        "repo": "pre-commit-hooks.nix",
        "type": "github"
      }
    },
    "root": {
      "inputs": {
        "NixVirt": "NixVirt",
        "antigravity": "antigravity",
        "cachyos-settings-nix": "cachyos-settings-nix",
        "claude-code": "claude-code",
        "coolercontrol": "coolercontrol",
        "disko": "disko",
        "eden": "eden",
        "flake-parts": "flake-parts",
        "git-hooks-nix": "git-hooks-nix",
        "goxlr-hm-nix": "goxlr-hm-nix",
        "home-manager": "home-manager",
        "hypervisor-phantom": "hypervisor-phantom",
        "impermanence": "impermanence",
        "lanzaboote": "lanzaboote",
        "linux-corecycler": "linux-corecycler",
        "lsfg-vk": "lsfg-vk",
        "mesa-git-nix": "mesa-git-nix",
        "nix-cachyos-kernel": "nix-cachyos-kernel",
        "nix-flatpak": "nix-flatpak",
        "nixpkgs": "nixpkgs_3",
        "nx-save-sync": "nx-save-sync",
        "occt-nix": "occt-nix",
        "openviking": "openviking",
        "plasma-manager": "plasma-manager",
        "portmaster": "portmaster",
        "sops-nix": "sops-nix",
        "streamcontroller-nix": "streamcontroller-nix",
        "tidalcycles": "tidalcycles",
        "treefmt-nix": "treefmt-nix",
        "vkbasalt-overlay": "vkbasalt-overlay",
        "yeetmouse": "yeetmouse",
        "yeetmouse-src": "yeetmouse-src"
      }
    },
    "rust-overlay": {
      "inputs": {
        "nixpkgs": [
          "lanzaboote",
          "nixpkgs"
        ]
      },
      "locked": {
        "lastModified": 1772334676,
        "narHash": "sha256-Jrc0J3AH+iNJDlUze3+FJZv2R0BZnhANFnD52V4kyvI=",
        "owner": "oxalica",
        "repo": "rust-overlay",
        "rev": "9879be11f30fd3bbf848e653a7f991549e8973b5",
        "type": "github"
      },
      "original": {
        "owner": "oxalica",
        "repo": "rust-overlay",
        "type": "github"
      }
    },
    "sops-nix": {
      "inputs": {
        "nixpkgs": [
          "nixpkgs"
        ]
      },
      "locked": {
        "lastModified": 1773096132,
        "narHash": "sha256-M3zEnq9OElB7zqc+mjgPlByPm1O5t2fbUrH3t/Hm5Ag=",
        "owner": "Mic92",
        "repo": "sops-nix",
        "rev": "d1ff3b1034d5bab5d7d8086a7803c5a5968cd784",
        "type": "github"
      },
      "original": {
        "owner": "Mic92",
        "repo": "sops-nix",
        "type": "github"
      }
    },
    "streamcontroller-nix": {
      "inputs": {
        "nixpkgs": [
          "nixpkgs"
        ]
      },
      "locked": {
        "lastModified": 1773442855,
        "narHash": "sha256-iYR51zmy8/MMvV3wK63AyKeh7VjbHxPUNz16azEImjM=",
        "owner": "Daaboulex",
        "repo": "streamcontroller-nix",
        "rev": "c5752fc566fb0eb5c8c226d204ef9a56a17430e4",
        "type": "github"
      },
      "original": {
        "owner": "Daaboulex",
        "repo": "streamcontroller-nix",
        "type": "github"
      }
    },
    "superdirt-src": {
      "flake": false,
      "locked": {
        "lastModified": 1697377840,
        "narHash": "sha256-9qU9CHYAXbN1IE3xXDqGipuroifVaSVXj3c/cDfwM80=",
        "owner": "musikinformatik",
        "repo": "superdirt",
        "rev": "c7f32998572984705d340e7c1b9ed9ad998a39b6",
        "type": "github"
      },
      "original": {
        "owner": "musikinformatik",
        "repo": "superdirt",
        "type": "github"
      }
    },
    "systems": {
      "locked": {
        "lastModified": 1681028828,
        "narHash": "sha256-Vy1rq5AaRuLzOxct8nz4T6wlgyUR7zLU309k9mBC768=",
        "owner": "nix-systems",
        "repo": "default",
        "rev": "da67096a3b9bf56a91d16901293e51ba5b49a27e",
        "type": "github"
      },
      "original": {
        "owner": "nix-systems",
        "repo": "default",
        "type": "github"
      }
    },
    "systems_2": {
      "locked": {
        "lastModified": 1681028828,
        "narHash": "sha256-Vy1rq5AaRuLzOxct8nz4T6wlgyUR7zLU309k9mBC768=",
        "owner": "nix-systems",
        "repo": "default",
        "rev": "da67096a3b9bf56a91d16901293e51ba5b49a27e",
        "type": "github"
      },
      "original": {
        "owner": "nix-systems",
        "repo": "default",
        "type": "github"
      }
    },
    "systems_3": {
      "locked": {
        "lastModified": 1681028828,
        "narHash": "sha256-Vy1rq5AaRuLzOxct8nz4T6wlgyUR7zLU309k9mBC768=",
        "owner": "nix-systems",
        "repo": "default",
        "rev": "da67096a3b9bf56a91d16901293e51ba5b49a27e",
        "type": "github"
      },
      "original": {
        "owner": "nix-systems",
        "repo": "default",
        "type": "github"
      }
    },
    "systems_4": {
      "locked": {
        "lastModified": 1681028828,
        "narHash": "sha256-Vy1rq5AaRuLzOxct8nz4T6wlgyUR7zLU309k9mBC768=",
        "owner": "nix-systems",
        "repo": "default",
        "rev": "da67096a3b9bf56a91d16901293e51ba5b49a27e",
        "type": "github"
      },
      "original": {
        "owner": "nix-systems",
        "repo": "default",
        "type": "github"
      }
    },
    "systems_5": {
      "locked": {
        "lastModified": 1681028828,
        "narHash": "sha256-Vy1rq5AaRuLzOxct8nz4T6wlgyUR7zLU309k9mBC768=",
        "owner": "nix-systems",
        "repo": "default",
        "rev": "da67096a3b9bf56a91d16901293e51ba5b49a27e",
        "type": "github"
      },
      "original": {
        "owner": "nix-systems",
        "repo": "default",
        "type": "github"
      }
    },
    "tidal-src": {
      "flake": false,
      "locked": {
        "lastModified": 1712519522,
        "narHash": "sha256-LbvxQmVxHElidCgvt+w0g1k+QQbNLebK46vtRCgsLeQ=",
        "owner": "tidalcycles",
        "repo": "tidal",
        "rev": "88f09edf6bef2228d5f530dea872b08a9d803066",
        "type": "github"
      },
      "original": {
        "owner": "tidalcycles",
        "ref": "v1.9.5",
        "repo": "tidal",
        "type": "github"
      }
    },
    "tidalcycles": {
      "inputs": {
        "dirt-samples-src": "dirt-samples-src",
        "nixpkgs": "nixpkgs_4",
        "superdirt-src": "superdirt-src",
        "tidal-src": "tidal-src",
        "vim-tidal-src": "vim-tidal-src",
        "vowel-src": "vowel-src"
      },
      "locked": {
        "lastModified": 1730626669,
        "narHash": "sha256-nFyZrvTPn9OM9UZmuAwy3e1Ba0ZuYc2FaDCOOhGtqg4=",
        "owner": "mitchmindtree",
        "repo": "tidalcycles.nix",
        "rev": "0db0918e7a3d3c30ed7a6e81dc9d4e3832870ac4",
        "type": "github"
      },
      "original": {
        "owner": "mitchmindtree",
        "repo": "tidalcycles.nix",
        "type": "github"
      }
    },
    "treefmt-nix": {
      "inputs": {
        "nixpkgs": [
          "nixpkgs"
        ]
      },
      "locked": {
        "lastModified": 1773297127,
        "narHash": "sha256-6E/yhXP7Oy/NbXtf1ktzmU8SdVqJQ09HC/48ebEGBpk=",
        "owner": "numtide",
        "repo": "treefmt-nix",
        "rev": "71b125cd05fbfd78cab3e070b73544abe24c5016",
        "type": "github"
      },
      "original": {
        "owner": "numtide",
        "repo": "treefmt-nix",
        "type": "github"
      }
    },
    "vim-tidal-src": {
      "flake": false,
      "locked": {
        "lastModified": 1685703852,
        "narHash": "sha256-8gyk17YLeKpLpz3LRtxiwbpsIbZka9bb63nK5/9IUoA=",
        "owner": "tidalcycles",
        "repo": "vim-tidal",
        "rev": "e440fe5bdfe07f805e21e6872099685d38e8b761",
        "type": "github"
      },
      "original": {
        "owner": "tidalcycles",
        "repo": "vim-tidal",
        "type": "github"
      }
    },
    "vkbasalt-overlay": {
      "inputs": {
        "nixpkgs": [
          "nixpkgs"
        ]
      },
      "locked": {
        "lastModified": 1773418428,
        "narHash": "sha256-UuWCfWekHnexO25NjuH2O7FbjlKa+0g6DDgObxnIMTo=",
        "owner": "Daaboulex",
        "repo": "vkBasalt_overlay_wayland",
        "rev": "81b43880c84e0141d20346609f50c6590632661b",
        "type": "github"
      },
      "original": {
        "owner": "Daaboulex",
        "repo": "vkBasalt_overlay_wayland",
        "type": "github"
      }
    },
    "vowel-src": {
      "flake": false,
      "locked": {
        "lastModified": 1641306144,
        "narHash": "sha256-zfF6cvAGDNYWYsE8dOIo38b+dIymd17Pexg0HiPFbxM=",
        "owner": "supercollider-quarks",
        "repo": "vowel",
        "rev": "ab59caa870201ecf2604b3efdd2196e21a8b5446",
        "type": "github"
      },
      "original": {
        "owner": "supercollider-quarks",
        "repo": "vowel",
        "type": "github"
      }
    },
    "yeetmouse": {
      "inputs": {
        "nixpkgs": [
          "nixpkgs"
        ]
      },
      "locked": {
        "dir": "nix",
        "lastModified": 1772968804,
        "narHash": "sha256-4nJVJL+fxI/Z4+e99Huy/dpvJs3/nghlO74+F184Jpk=",
        "owner": "AndyFilter",
        "repo": "YeetMouse",
        "rev": "7f9c782b66624edd7cb95db87630f7dd60ccb6ba",
        "type": "github"
      },
      "original": {
        "dir": "nix",
        "owner": "AndyFilter",
        "repo": "YeetMouse",
        "type": "github"
      }
    },
    "yeetmouse-src": {
      "flake": false,
      "locked": {
        "lastModified": 1772968804,
        "narHash": "sha256-4nJVJL+fxI/Z4+e99Huy/dpvJs3/nghlO74+F184Jpk=",
        "owner": "AndyFilter",
        "repo": "YeetMouse",
        "rev": "7f9c782b66624edd7cb95db87630f7dd60ccb6ba",
        "type": "github"
      },
      "original": {
        "owner": "AndyFilter",
        "repo": "YeetMouse",
        "type": "github"
      }
    }
  },
  "root": "root",
  "version": 7
}
